
Microsoft Visual Studio Solution File, Format Version 12.00
# Visual Studio Version 17
VisualStudioVersion = 17.8.34408.163
MinimumVisualStudioVersion = 10.0.40219.1
Project("{FAE04EC0-301F-11D3-BF4B-00C04F79EFBC}") = "MyBoards", "MyBoards\MyBoards.csproj", "{C518D0D2-1C5B-4C52-BD17-73D7E90BBFA1}"
EndProject
Global
	GlobalSection(SolutionConfigurationPlatforms) = preSolution
		Debug|Any CPU = Debug|Any CPU
		Release|Any CPU = Release|Any CPU
	EndGlobalSection
	GlobalSection(ProjectConfigurationPlatforms) = postSolution
		{C518D0D2-1C5B-4C52-BD17-73D7E90BBFA1}.Debug|Any CPU.ActiveCfg = Debug|Any CPU
		{C518D0D2-1C5B-4C52-BD17-73D7E90BBFA1}.Debug|Any CPU.Build.0 = Debug|Any CPU
		{C518D0D2-1C5B-4C52-BD17-73D7E90BBFA1}.Release|Any CPU.ActiveCfg = Release|Any CPU
		{C518D0D2-1C5B-4C52-BD17-73D7E90BBFA1}.Release|Any CPU.Build.0 = Release|Any CPU
	EndGlobalSection
	GlobalSection(SolutionProperties) = preSolution
		HideSolutionNode = FALSE
	EndGlobalSection
	GlobalSection(ExtensibilityGlobals) = postSolution
		SolutionGuid = {F0D3D2D4-BA93-438F-8C71-67670C3EBDAE}
	EndGlobalSection
EndGlobal
